
Microsoft Visual Studio Solution File, Format Version 12.00
# Visual Studio Version 16
VisualStudioVersion = 16.0.30523.141
MinimumVisualStudioVersion = 10.0.40219.1
Project("{FAE04EC0-301F-11D3-BF4B-00C04F79EFBC}") = "01. Password Reset", "01. Password Reset\01. Password Reset.csproj", "{48722725-FD44-4051-9DEC-C50EE66FC8F0}"
EndProject
Project("{FAE04EC0-301F-11D3-BF4B-00C04F79EFBC}") = "02. Fancy Barcodes", "02. Fancy Barcodes\02. Fancy Barcodes.csproj", "{9E9220A8-B243-4129-AC93-1FB544669C73}"
EndProject
Project("{FAE04EC0-301F-11D3-BF4B-00C04F79EFBC}") = "03. Heroes of Code and Logic VII", "03. Heroes of Code and Logic VII\03. Heroes of Code and Logic VII.csproj", "{B28D669F-608E-4A14-9E04-03221D4BD757}"
EndProject
Global
	GlobalSection(SolutionConfigurationPlatforms) = preSolution
		Debug|Any CPU = Debug|Any CPU
		Release|Any CPU = Release|Any CPU
	EndGlobalSection
	GlobalSection(ProjectConfigurationPlatforms) = postSolution
		{48722725-FD44-4051-9DEC-C50EE66FC8F0}.Debug|Any CPU.ActiveCfg = Debug|Any CPU
		{48722725-FD44-4051-9DEC-C50EE66FC8F0}.Debug|Any CPU.Build.0 = Debug|Any CPU
		{48722725-FD44-4051-9DEC-C50EE66FC8F0}.Release|Any CPU.ActiveCfg = Release|Any CPU
		{48722725-FD44-4051-9DEC-C50EE66FC8F0}.Release|Any CPU.Build.0 = Release|Any CPU
		{9E9220A8-B243-4129-AC93-1FB544669C73}.Debug|Any CPU.ActiveCfg = Debug|Any CPU
		{9E9220A8-B243-4129-AC93-1FB544669C73}.Debug|Any CPU.Build.0 = Debug|Any CPU
		{9E9220A8-B243-4129-AC93-1FB544669C73}.Release|Any CPU.ActiveCfg = Release|Any CPU
		{9E9220A8-B243-4129-AC93-1FB544669C73}.Release|Any CPU.Build.0 = Release|Any CPU
		{B28D669F-608E-4A14-9E04-03221D4BD757}.Debug|Any CPU.ActiveCfg = Debug|Any CPU
		{B28D669F-608E-4A14-9E04-03221D4BD757}.Debug|Any CPU.Build.0 = Debug|Any CPU
		{B28D669F-608E-4A14-9E04-03221D4BD757}.Release|Any CPU.ActiveCfg = Release|Any CPU
		{B28D669F-608E-4A14-9E04-03221D4BD757}.Release|Any CPU.Build.0 = Release|Any CPU
	EndGlobalSection
	GlobalSection(SolutionProperties) = preSolution
		HideSolutionNode = FALSE
	EndGlobalSection
	GlobalSection(ExtensibilityGlobals) = postSolution
		SolutionGuid = {9D9E4CB8-F473-419E-B2DA-9C22145222FB}
	EndGlobalSection
EndGlobal
